
Microsoft Visual Studio Solution File, Format Version 12.00
# Visual Studio Version 16
VisualStudioVersion = 16.0.31220.234
MinimumVisualStudioVersion = 10.0.40219.1
Project("{2150E333-8FDC-42A3-9474-1A3956D46DE8}") = "src", "src", "{E14CAF0B-C778-4380-944B-65A9E3C21D4B}"
EndProject
Project("{2150E333-8FDC-42A3-9474-1A3956D46DE8}") = "Services", "Services", "{DE5DFA9C-EC37-4169-8150-FDAD3CA089D8}"
EndProject
Project("{9A19103F-16F7-4668-BE54-9A1E7A4F7556}") = "TiEventsy.TimetableService", "TiEventsy.TimetableService\TiEventsy.TimetableService.csproj", "{35BBD2D3-506D-45D1-BA4D-C76FCC67F1E6}"
EndProject
Project("{2150E333-8FDC-42A3-9474-1A3956D46DE8}") = "SeviceClientsApi", "SeviceClientsApi", "{8773B497-2A64-48BE-9AA7-DEE71353837E}"
EndProject
Project("{2150E333-8FDC-42A3-9474-1A3956D46DE8}") = "ServiceLibrarys", "ServiceLibrarys", "{F3961E64-CBB7-4D8A-AC57-A53DFC088061}"
EndProject
Project("{9A19103F-16F7-4668-BE54-9A1E7A4F7556}") = "TiEventsy.SubscriptionGrpcService", "TiEventsy.SubscriptionGrpcService\TiEventsy.SubscriptionGrpcService.csproj", "{50178583-1927-4160-A23F-A8F239E78D4C}"
EndProject
Project("{9A19103F-16F7-4668-BE54-9A1E7A4F7556}") = "TiEventsy.MongoDbBase", "TiEventsy.MongoDbBase\TiEventsy.MongoDbBase.csproj", "{A53E6858-C7FA-4967-A9E7-A861696AB8A8}"
EndProject
Project("{9A19103F-16F7-4668-BE54-9A1E7A4F7556}") = "TiEventsy.SubscriptionGrpcService.ClientLibrary", "TiEventsy.SubscriptionGrpcService.ClientLibrary\TiEventsy.SubscriptionGrpcService.ClientLibrary.csproj", "{A068F08C-5B03-472A-A2E5-6A4EC56E9E65}"
EndProject
Project("{9A19103F-16F7-4668-BE54-9A1E7A4F7556}") = "TiEventsy.ClientBaseLibrary", "TiEventsy.ClientBaseLibrary\TiEventsy.ClientBaseLibrary.csproj", "{8E7735C8-8DD7-4B91-A814-C028F28D6B3E}"
EndProject
Project("{9A19103F-16F7-4668-BE54-9A1E7A4F7556}") = "TiEventsy.ServiceLinksLibrary", "TiEventsy.ServiceLinksLibrary\TiEventsy.ServiceLinksLibrary.csproj", "{40ED954C-0020-45A9-83F8-0B00F266D13A}"
EndProject
Project("{9A19103F-16F7-4668-BE54-9A1E7A4F7556}") = "TiEventsy.AuthAzureB2C", "TiEventsy.AuthAzureB2C\TiEventsy.AuthAzureB2C.csproj", "{7C499FA2-F103-4301-B202-7FC31B188706}"
EndProject
Project("{9A19103F-16F7-4668-BE54-9A1E7A4F7556}") = "TiEventsy.TimetableService.ClientLibrary", "TiEventsy.TimetableService.ClientLibrary\TiEventsy.TimetableService.ClientLibrary.csproj", "{9FBF1BFE-9F6D-4D3B-B487-219594707273}"
EndProject
Project("{2150E333-8FDC-42A3-9474-1A3956D46DE8}") = "MongoDbModelsLibrarys", "MongoDbModelsLibrarys", "{768A7C71-56E6-4740-B879-E0B1730127E8}"
EndProject
Project("{9A19103F-16F7-4668-BE54-9A1E7A4F7556}") = "TiEventsy.TimetableService.MongoDbModels", "TiEventsy.TimetableService.MongoDbModels\TiEventsy.TimetableService.MongoDbModels.csproj", "{F7D11705-29B3-4022-98D7-287E7C252C77}"
EndProject
Project("{2150E333-8FDC-42A3-9474-1A3956D46DE8}") = "RequestsLibrarys", "RequestsLibrarys", "{3EE13432-FA94-420C-B8C5-BC74CC42F05B}"
EndProject
Project("{2150E333-8FDC-42A3-9474-1A3956D46DE8}") = "Grpc", "Grpc", "{05BA6417-5E7E-4317-9858-5BCC7EEF5AEF}"
EndProject
Project("{2150E333-8FDC-42A3-9474-1A3956D46DE8}") = "Rest", "Rest", "{B966EC2F-6C06-4349-9843-9AC703CE576D}"
EndProject
Project("{9A19103F-16F7-4668-BE54-9A1E7A4F7556}") = "TiEventsy.TimetableService.Requests", "TiEventsy.TimetableService.Requests\TiEventsy.TimetableService.Requests.csproj", "{506FA378-23B6-4717-91D9-6167C70D9FFE}"
EndProject
Project("{9A19103F-16F7-4668-BE54-9A1E7A4F7556}") = "TiEventsy.SubscriptionGrpcService.Requests", "TiEventsy.SubscriptionGrpcService.Requests\TiEventsy.SubscriptionGrpcService.Requests.csproj", "{032C8B1B-B0A6-470F-9CCD-CA6DAF52D4B0}"
EndProject
Project("{9A19103F-16F7-4668-BE54-9A1E7A4F7556}") = "TiEventsy.UserGrpcService", "TiEventsy.UserGrpcService\TiEventsy.UserGrpcService.csproj", "{0005FB08-8678-4C66-81AE-BE65DCFCE493}"
EndProject
Project("{9A19103F-16F7-4668-BE54-9A1E7A4F7556}") = "TiEventsy.UserGrpcService.Requests", "TiEventsy.UserGrpcService.Requests\TiEventsy.UserGrpcService.Requests.csproj", "{659DF42A-C115-40FF-8DEF-C6BE6B66165D}"
EndProject
Project("{2150E333-8FDC-42A3-9474-1A3956D46DE8}") = "Gateways", "Gateways", "{91574AA9-9651-46C0-9390-FA4FA3670D1B}"
EndProject
Project("{FAE04EC0-301F-11D3-BF4B-00C04F79EFBC}") = "TiEventsy.Gateway.DesktopGrpcService", "TiEventsy.Gateway.DesktopGrpcService\TiEventsy.Gateway.DesktopGrpcService.csproj", "{E61287EE-BF52-4CE4-B0EC-FCB87D506FA0}"
EndProject
Project("{FAE04EC0-301F-11D3-BF4B-00C04F79EFBC}") = "TiEventsy.Gateway.Requests", "TiEventsy.Gateway.Requests\TiEventsy.Gateway.Requests.csproj", "{123C8BBC-7B15-40F4-B598-000831A09F4E}"
EndProject
Global
	GlobalSection(SolutionConfigurationPlatforms) = preSolution
		Debug|Any CPU = Debug|Any CPU
		Release|Any CPU = Release|Any CPU
	EndGlobalSection
	GlobalSection(ProjectConfigurationPlatforms) = postSolution
		{35BBD2D3-506D-45D1-BA4D-C76FCC67F1E6}.Debug|Any CPU.ActiveCfg = Debug|Any CPU
		{35BBD2D3-506D-45D1-BA4D-C76FCC67F1E6}.Debug|Any CPU.Build.0 = Debug|Any CPU
		{35BBD2D3-506D-45D1-BA4D-C76FCC67F1E6}.Release|Any CPU.ActiveCfg = Release|Any CPU
		{35BBD2D3-506D-45D1-BA4D-C76FCC67F1E6}.Release|Any CPU.Build.0 = Release|Any CPU
		{50178583-1927-4160-A23F-A8F239E78D4C}.Debug|Any CPU.ActiveCfg = Debug|Any CPU
		{50178583-1927-4160-A23F-A8F239E78D4C}.Debug|Any CPU.Build.0 = Debug|Any CPU
		{50178583-1927-4160-A23F-A8F239E78D4C}.Release|Any CPU.ActiveCfg = Release|Any CPU
		{50178583-1927-4160-A23F-A8F239E78D4C}.Release|Any CPU.Build.0 = Release|Any CPU
		{A53E6858-C7FA-4967-A9E7-A861696AB8A8}.Debug|Any CPU.ActiveCfg = Debug|Any CPU
		{A53E6858-C7FA-4967-A9E7-A861696AB8A8}.Debug|Any CPU.Build.0 = Debug|Any CPU
		{A53E6858-C7FA-4967-A9E7-A861696AB8A8}.Release|Any CPU.ActiveCfg = Release|Any CPU
		{A53E6858-C7FA-4967-A9E7-A861696AB8A8}.Release|Any CPU.Build.0 = Release|Any CPU
		{A068F08C-5B03-472A-A2E5-6A4EC56E9E65}.Debug|Any CPU.ActiveCfg = Debug|Any CPU
		{A068F08C-5B03-472A-A2E5-6A4EC56E9E65}.Debug|Any CPU.Build.0 = Debug|Any CPU
		{A068F08C-5B03-472A-A2E5-6A4EC56E9E65}.Release|Any CPU.ActiveCfg = Release|Any CPU
		{A068F08C-5B03-472A-A2E5-6A4EC56E9E65}.Release|Any CPU.Build.0 = Release|Any CPU
		{8E7735C8-8DD7-4B91-A814-C028F28D6B3E}.Debug|Any CPU.ActiveCfg = Debug|Any CPU
		{8E7735C8-8DD7-4B91-A814-C028F28D6B3E}.Debug|Any CPU.Build.0 = Debug|Any CPU
		{8E7735C8-8DD7-4B91-A814-C028F28D6B3E}.Release|Any CPU.ActiveCfg = Release|Any CPU
		{8E7735C8-8DD7-4B91-A814-C028F28D6B3E}.Release|Any CPU.Build.0 = Release|Any CPU
		{40ED954C-0020-45A9-83F8-0B00F266D13A}.Debug|Any CPU.ActiveCfg = Debug|Any CPU
		{40ED954C-0020-45A9-83F8-0B00F266D13A}.Debug|Any CPU.Build.0 = Debug|Any CPU
		{40ED954C-0020-45A9-83F8-0B00F266D13A}.Release|Any CPU.ActiveCfg = Release|Any CPU
		{40ED954C-0020-45A9-83F8-0B00F266D13A}.Release|Any CPU.Build.0 = Release|Any CPU
		{7C499FA2-F103-4301-B202-7FC31B188706}.Debug|Any CPU.ActiveCfg = Debug|Any CPU
		{7C499FA2-F103-4301-B202-7FC31B188706}.Debug|Any CPU.Build.0 = Debug|Any CPU
		{7C499FA2-F103-4301-B202-7FC31B188706}.Release|Any CPU.ActiveCfg = Release|Any CPU
		{7C499FA2-F103-4301-B202-7FC31B188706}.Release|Any CPU.Build.0 = Release|Any CPU
		{9FBF1BFE-9F6D-4D3B-B487-219594707273}.Debug|Any CPU.ActiveCfg = Debug|Any CPU
		{9FBF1BFE-9F6D-4D3B-B487-219594707273}.Debug|Any CPU.Build.0 = Debug|Any CPU
		{9FBF1BFE-9F6D-4D3B-B487-219594707273}.Release|Any CPU.ActiveCfg = Release|Any CPU
		{9FBF1BFE-9F6D-4D3B-B487-219594707273}.Release|Any CPU.Build.0 = Release|Any CPU
		{F7D11705-29B3-4022-98D7-287E7C252C77}.Debug|Any CPU.ActiveCfg = Debug|Any CPU
		{F7D11705-29B3-4022-98D7-287E7C252C77}.Debug|Any CPU.Build.0 = Debug|Any CPU
		{F7D11705-29B3-4022-98D7-287E7C252C77}.Release|Any CPU.ActiveCfg = Release|Any CPU
		{F7D11705-29B3-4022-98D7-287E7C252C77}.Release|Any CPU.Build.0 = Release|Any CPU
		{506FA378-23B6-4717-91D9-6167C70D9FFE}.Debug|Any CPU.ActiveCfg = Debug|Any CPU
		{506FA378-23B6-4717-91D9-6167C70D9FFE}.Debug|Any CPU.Build.0 = Debug|Any CPU
		{506FA378-23B6-4717-91D9-6167C70D9FFE}.Release|Any CPU.ActiveCfg = Release|Any CPU
		{506FA378-23B6-4717-91D9-6167C70D9FFE}.Release|Any CPU.Build.0 = Release|Any CPU
		{032C8B1B-B0A6-470F-9CCD-CA6DAF52D4B0}.Debug|Any CPU.ActiveCfg = Debug|Any CPU
		{032C8B1B-B0A6-470F-9CCD-CA6DAF52D4B0}.Debug|Any CPU.Build.0 = Debug|Any CPU
		{032C8B1B-B0A6-470F-9CCD-CA6DAF52D4B0}.Release|Any CPU.ActiveCfg = Release|Any CPU
		{032C8B1B-B0A6-470F-9CCD-CA6DAF52D4B0}.Release|Any CPU.Build.0 = Release|Any CPU
		{0005FB08-8678-4C66-81AE-BE65DCFCE493}.Debug|Any CPU.ActiveCfg = Debug|Any CPU
		{0005FB08-8678-4C66-81AE-BE65DCFCE493}.Debug|Any CPU.Build.0 = Debug|Any CPU
		{0005FB08-8678-4C66-81AE-BE65DCFCE493}.Release|Any CPU.ActiveCfg = Release|Any CPU
		{0005FB08-8678-4C66-81AE-BE65DCFCE493}.Release|Any CPU.Build.0 = Release|Any CPU
		{659DF42A-C115-40FF-8DEF-C6BE6B66165D}.Debug|Any CPU.ActiveCfg = Debug|Any CPU
		{659DF42A-C115-40FF-8DEF-C6BE6B66165D}.Debug|Any CPU.Build.0 = Debug|Any CPU
		{659DF42A-C115-40FF-8DEF-C6BE6B66165D}.Release|Any CPU.ActiveCfg = Release|Any CPU
		{659DF42A-C115-40FF-8DEF-C6BE6B66165D}.Release|Any CPU.Build.0 = Release|Any CPU
		{E61287EE-BF52-4CE4-B0EC-FCB87D506FA0}.Debug|Any CPU.ActiveCfg = Debug|Any CPU
		{E61287EE-BF52-4CE4-B0EC-FCB87D506FA0}.Debug|Any CPU.Build.0 = Debug|Any CPU
		{E61287EE-BF52-4CE4-B0EC-FCB87D506FA0}.Release|Any CPU.ActiveCfg = Release|Any CPU
		{E61287EE-BF52-4CE4-B0EC-FCB87D506FA0}.Release|Any CPU.Build.0 = Release|Any CPU
		{123C8BBC-7B15-40F4-B598-000831A09F4E}.Debug|Any CPU.ActiveCfg = Debug|Any CPU
		{123C8BBC-7B15-40F4-B598-000831A09F4E}.Debug|Any CPU.Build.0 = Debug|Any CPU
		{123C8BBC-7B15-40F4-B598-000831A09F4E}.Release|Any CPU.ActiveCfg = Release|Any CPU
		{123C8BBC-7B15-40F4-B598-000831A09F4E}.Release|Any CPU.Build.0 = Release|Any CPU
	EndGlobalSection
	GlobalSection(SolutionProperties) = preSolution
		HideSolutionNode = FALSE
	EndGlobalSection
	GlobalSection(NestedProjects) = preSolution
		{DE5DFA9C-EC37-4169-8150-FDAD3CA089D8} = {E14CAF0B-C778-4380-944B-65A9E3C21D4B}
		{35BBD2D3-506D-45D1-BA4D-C76FCC67F1E6} = {DE5DFA9C-EC37-4169-8150-FDAD3CA089D8}
		{8773B497-2A64-48BE-9AA7-DEE71353837E} = {E14CAF0B-C778-4380-944B-65A9E3C21D4B}
		{F3961E64-CBB7-4D8A-AC57-A53DFC088061} = {E14CAF0B-C778-4380-944B-65A9E3C21D4B}
		{50178583-1927-4160-A23F-A8F239E78D4C} = {DE5DFA9C-EC37-4169-8150-FDAD3CA089D8}
		{A53E6858-C7FA-4967-A9E7-A861696AB8A8} = {F3961E64-CBB7-4D8A-AC57-A53DFC088061}
		{A068F08C-5B03-472A-A2E5-6A4EC56E9E65} = {8773B497-2A64-48BE-9AA7-DEE71353837E}
		{8E7735C8-8DD7-4B91-A814-C028F28D6B3E} = {8773B497-2A64-48BE-9AA7-DEE71353837E}
		{40ED954C-0020-45A9-83F8-0B00F266D13A} = {8773B497-2A64-48BE-9AA7-DEE71353837E}
		{7C499FA2-F103-4301-B202-7FC31B188706} = {F3961E64-CBB7-4D8A-AC57-A53DFC088061}
		{9FBF1BFE-9F6D-4D3B-B487-219594707273} = {8773B497-2A64-48BE-9AA7-DEE71353837E}
		{768A7C71-56E6-4740-B879-E0B1730127E8} = {F3961E64-CBB7-4D8A-AC57-A53DFC088061}
		{F7D11705-29B3-4022-98D7-287E7C252C77} = {768A7C71-56E6-4740-B879-E0B1730127E8}
		{3EE13432-FA94-420C-B8C5-BC74CC42F05B} = {F3961E64-CBB7-4D8A-AC57-A53DFC088061}
		{05BA6417-5E7E-4317-9858-5BCC7EEF5AEF} = {3EE13432-FA94-420C-B8C5-BC74CC42F05B}
		{B966EC2F-6C06-4349-9843-9AC703CE576D} = {3EE13432-FA94-420C-B8C5-BC74CC42F05B}
		{506FA378-23B6-4717-91D9-6167C70D9FFE} = {B966EC2F-6C06-4349-9843-9AC703CE576D}
		{032C8B1B-B0A6-470F-9CCD-CA6DAF52D4B0} = {05BA6417-5E7E-4317-9858-5BCC7EEF5AEF}
		{0005FB08-8678-4C66-81AE-BE65DCFCE493} = {DE5DFA9C-EC37-4169-8150-FDAD3CA089D8}
		{659DF42A-C115-40FF-8DEF-C6BE6B66165D} = {05BA6417-5E7E-4317-9858-5BCC7EEF5AEF}
		{91574AA9-9651-46C0-9390-FA4FA3670D1B} = {DE5DFA9C-EC37-4169-8150-FDAD3CA089D8}
		{E61287EE-BF52-4CE4-B0EC-FCB87D506FA0} = {91574AA9-9651-46C0-9390-FA4FA3670D1B}
		{123C8BBC-7B15-40F4-B598-000831A09F4E} = {05BA6417-5E7E-4317-9858-5BCC7EEF5AEF}
	EndGlobalSection
	GlobalSection(ExtensibilityGlobals) = postSolution
		SolutionGuid = {56E76FAA-B446-4A4B-A861-716A73A18CA8}
	EndGlobalSection
EndGlobal
